// !$*UTF8*$!
{
	archiveVersion = 1;
	classes = {
	};
	objectVersion = 56;
	objects = {

/* Begin PBXBuildFile section */
		000000000000000000000002 /* QuotaBarApp.swift in Sources */ = {isa = PBXBuildFile; fileRef = 000000000000000000000001 /* QuotaBarApp.swift */; };
		000000000000000000000004 /* AppDelegate.swift in Sources */ = {isa = PBXBuildFile; fileRef = 000000000000000000000003 /* AppDelegate.swift */; };
		000000000000000000000006 /* ProviderKind.swift in Sources */ = {isa = PBXBuildFile; fileRef = 000000000000000000000005 /* ProviderKind.swift */; };
		000000000000000000000008 /* UsageModels.swift in Sources */ = {isa = PBXBuildFile; fileRef = 000000000000000000000007 /* UsageModels.swift */; };
		00000000000000000000000A /* AppSettings.swift in Sources */ = {isa = PBXBuildFile; fileRef = 000000000000000000000009 /* AppSettings.swift */; };
		00000000000000000000000C /* QuotaError.swift in Sources */ = {isa = PBXBuildFile; fileRef = 00000000000000000000000B /* QuotaError.swift */; };
		00000000000000000000000E /* TimeFormatting.swift in Sources */ = {isa = PBXBuildFile; fileRef = 00000000000000000000000D /* TimeFormatting.swift */; };
		000000000000000000000010 /* JSONSupport.swift in Sources */ = {isa = PBXBuildFile; fileRef = 00000000000000000000000F /* JSONSupport.swift */; };
		000000000000000000000012 /* HTTPClient.swift in Sources */ = {isa = PBXBuildFile; fileRef = 000000000000000000000011 /* HTTPClient.swift */; };
		000000000000000000000014 /* KeychainStore.swift in Sources */ = {isa = PBXBuildFile; fileRef = 000000000000000000000013 /* KeychainStore.swift */; };
		000000000000000000000016 /* ConfigStore.swift in Sources */ = {isa = PBXBuildFile; fileRef = 000000000000000000000015 /* ConfigStore.swift */; };
		000000000000000000000018 /* LaunchAtLogin.swift in Sources */ = {isa = PBXBuildFile; fileRef = 000000000000000000000017 /* LaunchAtLogin.swift */; };
		00000000000000000000001A /* AppStore.swift in Sources */ = {isa = PBXBuildFile; fileRef = 000000000000000000000019 /* AppStore.swift */; };
		00000000000000000000001C /* CursorAuth.swift in Sources */ = {isa = PBXBuildFile; fileRef = 00000000000000000000001B /* CursorAuth.swift */; };
		00000000000000000000001E /* CursorClient.swift in Sources */ = {isa = PBXBuildFile; fileRef = 00000000000000000000001D /* CursorClient.swift */; };
		000000000000000000000020 /* ChatGPTClient.swift in Sources */ = {isa = PBXBuildFile; fileRef = 00000000000000000000001F /* ChatGPTClient.swift */; };
		000000000000000000000022 /* GLMClient.swift in Sources */ = {isa = PBXBuildFile; fileRef = 000000000000000000000021 /* GLMClient.swift */; };
		000000000000000000000024 /* FixtureLoader.swift in Sources */ = {isa = PBXBuildFile; fileRef = 000000000000000000000023 /* FixtureLoader.swift */; };
		000000000000000000000026 /* Theme.swift in Sources */ = {isa = PBXBuildFile; fileRef = 000000000000000000000025 /* Theme.swift */; };
		000000000000000000000028 /* UsageMeterRow.swift in Sources */ = {isa = PBXBuildFile; fileRef = 000000000000000000000027 /* UsageMeterRow.swift */; };
		00000000000000000000002A /* ProviderSwitcher.swift in Sources */ = {isa = PBXBuildFile; fileRef = 000000000000000000000029 /* ProviderSwitcher.swift */; };
		00000000000000000000002C /* EmptyStateView.swift in Sources */ = {isa = PBXBuildFile; fileRef = 00000000000000000000002B /* EmptyStateView.swift */; };
		00000000000000000000002E /* PopoverView.swift in Sources */ = {isa = PBXBuildFile; fileRef = 00000000000000000000002D /* PopoverView.swift */; };
		000000000000000000000030 /* SettingsView.swift in Sources */ = {isa = PBXBuildFile; fileRef = 00000000000000000000002F /* SettingsView.swift */; };
		000000000000000000000032 /* SettingsWindowController.swift in Sources */ = {isa = PBXBuildFile; fileRef = 000000000000000000000031 /* SettingsWindowController.swift */; };
		000000000000000000000034 /* StatusItemRenderer.swift in Sources */ = {isa = PBXBuildFile; fileRef = 000000000000000000000033 /* StatusItemRenderer.swift */; };
		000000000000000000000071 /* ChatGPTLoginWindowController.swift in Sources */ = {isa = PBXBuildFile; fileRef = 000000000000000000000070 /* ChatGPTLoginWindowController.swift */; };
		000000000000000000000073 /* WebKit.framework in Frameworks */ = {isa = PBXBuildFile; fileRef = 000000000000000000000072 /* WebKit.framework */; };
		000000000000000000000036 /* Assets.xcassets in Resources */ = {isa = PBXBuildFile; fileRef = 000000000000000000000035 /* Assets.xcassets */; };
		000000000000000000000038 /* cursor.json in Resources */ = {isa = PBXBuildFile; fileRef = 000000000000000000000037 /* cursor.json */; };
		00000000000000000000003A /* chatgpt.json in Resources */ = {isa = PBXBuildFile; fileRef = 000000000000000000000039 /* chatgpt.json */; };
		00000000000000000000003C /* glm.json in Resources */ = {isa = PBXBuildFile; fileRef = 00000000000000000000003B /* glm.json */; };
		00000000000000000000004D /* libsqlite3.tbd in Frameworks */ = {isa = PBXBuildFile; fileRef = 00000000000000000000004C /* libsqlite3.tbd */; };
/* End PBXBuildFile section */

/* Begin PBXFileReference section */
		000000000000000000000001 /* QuotaBarApp.swift */ = {isa = PBXFileReference; lastKnownFileType = sourcecode.swift; path = QuotaBarApp.swift; sourceTree = "<group>"; };
		000000000000000000000003 /* AppDelegate.swift */ = {isa = PBXFileReference; lastKnownFileType = sourcecode.swift; path = AppDelegate.swift; sourceTree = "<group>"; };
		000000000000000000000005 /* ProviderKind.swift */ = {isa = PBXFileReference; lastKnownFileType = sourcecode.swift; path = ProviderKind.swift; sourceTree = "<group>"; };
		000000000000000000000007 /* UsageModels.swift */ = {isa = PBXFileReference; lastKnownFileType = sourcecode.swift; path = UsageModels.swift; sourceTree = "<group>"; };
		000000000000000000000009 /* AppSettings.swift */ = {isa = PBXFileReference; lastKnownFileType = sourcecode.swift; path = AppSettings.swift; sourceTree = "<group>"; };
		00000000000000000000000B /* QuotaError.swift */ = {isa = PBXFileReference; lastKnownFileType = sourcecode.swift; path = QuotaError.swift; sourceTree = "<group>"; };
		00000000000000000000000D /* TimeFormatting.swift */ = {isa = PBXFileReference; lastKnownFileType = sourcecode.swift; path = TimeFormatting.swift; sourceTree = "<group>"; };
		00000000000000000000000F /* JSONSupport.swift */ = {isa = PBXFileReference; lastKnownFileType = sourcecode.swift; path = JSONSupport.swift; sourceTree = "<group>"; };
		000000000000000000000011 /* HTTPClient.swift */ = {isa = PBXFileReference; lastKnownFileType = sourcecode.swift; path = HTTPClient.swift; sourceTree = "<group>"; };
		000000000000000000000013 /* KeychainStore.swift */ = {isa = PBXFileReference; lastKnownFileType = sourcecode.swift; path = KeychainStore.swift; sourceTree = "<group>"; };
		000000000000000000000015 /* ConfigStore.swift */ = {isa = PBXFileReference; lastKnownFileType = sourcecode.swift; path = ConfigStore.swift; sourceTree = "<group>"; };
		000000000000000000000017 /* LaunchAtLogin.swift */ = {isa = PBXFileReference; lastKnownFileType = sourcecode.swift; path = LaunchAtLogin.swift; sourceTree = "<group>"; };
		000000000000000000000019 /* AppStore.swift */ = {isa = PBXFileReference; lastKnownFileType = sourcecode.swift; path = AppStore.swift; sourceTree = "<group>"; };
		00000000000000000000001B /* CursorAuth.swift */ = {isa = PBXFileReference; lastKnownFileType = sourcecode.swift; path = CursorAuth.swift; sourceTree = "<group>"; };
		00000000000000000000001D /* CursorClient.swift */ = {isa = PBXFileReference; lastKnownFileType = sourcecode.swift; path = CursorClient.swift; sourceTree = "<group>"; };
		00000000000000000000001F /* ChatGPTClient.swift */ = {isa = PBXFileReference; lastKnownFileType = sourcecode.swift; path = ChatGPTClient.swift; sourceTree = "<group>"; };
		000000000000000000000021 /* GLMClient.swift */ = {isa = PBXFileReference; lastKnownFileType = sourcecode.swift; path = GLMClient.swift; sourceTree = "<group>"; };
		000000000000000000000023 /* FixtureLoader.swift */ = {isa = PBXFileReference; lastKnownFileType = sourcecode.swift; path = FixtureLoader.swift; sourceTree = "<group>"; };
		000000000000000000000025 /* Theme.swift */ = {isa = PBXFileReference; lastKnownFileType = sourcecode.swift; path = Theme.swift; sourceTree = "<group>"; };
		000000000000000000000027 /* UsageMeterRow.swift */ = {isa = PBXFileReference; lastKnownFileType = sourcecode.swift; path = UsageMeterRow.swift; sourceTree = "<group>"; };
		000000000000000000000029 /* ProviderSwitcher.swift */ = {isa = PBXFileReference; lastKnownFileType = sourcecode.swift; path = ProviderSwitcher.swift; sourceTree = "<group>"; };
		00000000000000000000002B /* EmptyStateView.swift */ = {isa = PBXFileReference; lastKnownFileType = sourcecode.swift; path = EmptyStateView.swift; sourceTree = "<group>"; };
		00000000000000000000002D /* PopoverView.swift */ = {isa = PBXFileReference; lastKnownFileType = sourcecode.swift; path = PopoverView.swift; sourceTree = "<group>"; };
		00000000000000000000002F /* SettingsView.swift */ = {isa = PBXFileReference; lastKnownFileType = sourcecode.swift; path = SettingsView.swift; sourceTree = "<group>"; };
		000000000000000000000031 /* SettingsWindowController.swift */ = {isa = PBXFileReference; lastKnownFileType = sourcecode.swift; path = SettingsWindowController.swift; sourceTree = "<group>"; };
		000000000000000000000033 /* StatusItemRenderer.swift */ = {isa = PBXFileReference; lastKnownFileType = sourcecode.swift; path = StatusItemRenderer.swift; sourceTree = "<group>"; };
		000000000000000000000070 /* ChatGPTLoginWindowController.swift */ = {isa = PBXFileReference; lastKnownFileType = sourcecode.swift; path = ChatGPTLoginWindowController.swift; sourceTree = "<group>"; };
		000000000000000000000072 /* WebKit.framework */ = {isa = PBXFileReference; lastKnownFileType = wrapper.framework; name = WebKit.framework; path = System/Library/Frameworks/WebKit.framework; sourceTree = SDKROOT; };
		000000000000000000000035 /* Assets.xcassets */ = {isa = PBXFileReference; lastKnownFileType = folder.assetcatalog; path = Assets.xcassets; sourceTree = "<group>"; };
		000000000000000000000037 /* cursor.json */ = {isa = PBXFileReference; lastKnownFileType = text.json; path = cursor.json; sourceTree = "<group>"; };
		000000000000000000000039 /* chatgpt.json */ = {isa = PBXFileReference; lastKnownFileType = text.json; path = chatgpt.json; sourceTree = "<group>"; };
		00000000000000000000003B /* glm.json */ = {isa = PBXFileReference; lastKnownFileType = text.json; path = glm.json; sourceTree = "<group>"; };
		00000000000000000000003D /* Info.plist */ = {isa = PBXFileReference; lastKnownFileType = text.plist.xml; path = Info.plist; sourceTree = "<group>"; };
		00000000000000000000003E /* QuotaBar.entitlements */ = {isa = PBXFileReference; lastKnownFileType = text.plist.entitlements; path = QuotaBar.entitlements; sourceTree = "<group>"; };
		00000000000000000000004E /* QuotaBar.app */ = {isa = PBXFileReference; explicitFileType = wrapper.application; includeInIndex = 0; path = QuotaBar.app; sourceTree = BUILT_PRODUCTS_DIR; };
		00000000000000000000004C /* libsqlite3.tbd */ = {isa = PBXFileReference; lastKnownFileType = "sourcecode.text-based-dylib-definition"; name = libsqlite3.tbd; path = usr/lib/libsqlite3.tbd; sourceTree = SDKROOT; };
/* End PBXFileReference section */

/* Begin PBXFrameworksBuildPhase section */
		00000000000000000000004B /* Frameworks */ = {
			isa = PBXFrameworksBuildPhase;
			buildActionMask = 2147483647;
			files = (
				00000000000000000000004D /* libsqlite3.tbd in Frameworks */,
				000000000000000000000073 /* WebKit.framework in Frameworks */,
			);
			runOnlyForDeploymentPostprocessing = 0;
		};
/* End PBXFrameworksBuildPhase section */

/* Begin PBXGroup section */
		00000000000000000000003F = {
			isa = PBXGroup;
			children = (
				000000000000000000000040 /* QuotaBar */,
				000000000000000000000047 /* Products */,
				00000000000000000000004C /* libsqlite3.tbd */,
				000000000000000000000072 /* WebKit.framework */,
			);
			sourceTree = "<group>";
		};
		000000000000000000000040 /* QuotaBar */ = {
			isa = PBXGroup;
			children = (
				000000000000000000000001 /* QuotaBarApp.swift */,
				000000000000000000000003 /* AppDelegate.swift */,
				00000000000000000000003D /* Info.plist */,
				00000000000000000000003E /* QuotaBar.entitlements */,
				000000000000000000000041 /* Models */,
				000000000000000000000042 /* Services */,
				000000000000000000000043 /* Providers */,
				000000000000000000000044 /* UI */,
				000000000000000000000045 /* Resources */,
				000000000000000000000035 /* Assets.xcassets */,
			);
			path = QuotaBar;
			sourceTree = "<group>";
		};
		000000000000000000000041 /* Models */ = {
			isa = PBXGroup;
			children = (
				000000000000000000000005 /* ProviderKind.swift */,
				000000000000000000000007 /* UsageModels.swift */,
				000000000000000000000009 /* AppSettings.swift */,
				00000000000000000000000B /* QuotaError.swift */,
			);
			path = Models;
			sourceTree = "<group>";
		};
		000000000000000000000042 /* Services */ = {
			isa = PBXGroup;
			children = (
				00000000000000000000000D /* TimeFormatting.swift */,
				00000000000000000000000F /* JSONSupport.swift */,
				000000000000000000000011 /* HTTPClient.swift */,
				000000000000000000000013 /* KeychainStore.swift */,
				000000000000000000000015 /* ConfigStore.swift */,
				000000000000000000000017 /* LaunchAtLogin.swift */,
				000000000000000000000019 /* AppStore.swift */,
			);
			path = Services;
			sourceTree = "<group>";
		};
		000000000000000000000043 /* Providers */ = {
			isa = PBXGroup;
			children = (
				00000000000000000000001B /* CursorAuth.swift */,
				00000000000000000000001D /* CursorClient.swift */,
				00000000000000000000001F /* ChatGPTClient.swift */,
				000000000000000000000021 /* GLMClient.swift */,
				000000000000000000000023 /* FixtureLoader.swift */,
			);
			path = Providers;
			sourceTree = "<group>";
		};
		000000000000000000000044 /* UI */ = {
			isa = PBXGroup;
			children = (
				000000000000000000000025 /* Theme.swift */,
				000000000000000000000027 /* UsageMeterRow.swift */,
				000000000000000000000029 /* ProviderSwitcher.swift */,
				00000000000000000000002B /* EmptyStateView.swift */,
				00000000000000000000002D /* PopoverView.swift */,
				00000000000000000000002F /* SettingsView.swift */,
				000000000000000000000031 /* SettingsWindowController.swift */,
				000000000000000000000070 /* ChatGPTLoginWindowController.swift */,
				000000000000000000000033 /* StatusItemRenderer.swift */,
			);
			path = UI;
			sourceTree = "<group>";
		};
		000000000000000000000045 /* Resources */ = {
			isa = PBXGroup;
			children = (
				000000000000000000000046 /* Fixtures */,
			);
			path = Resources;
			sourceTree = "<group>";
		};
		000000000000000000000046 /* Fixtures */ = {
			isa = PBXGroup;
			children = (
				000000000000000000000037 /* cursor.json */,
				000000000000000000000039 /* chatgpt.json */,
				00000000000000000000003B /* glm.json */,
			);
			path = Fixtures;
			sourceTree = "<group>";
		};
		000000000000000000000047 /* Products */ = {
			isa = PBXGroup;
			children = (
				00000000000000000000004E /* QuotaBar.app */,
			);
			name = Products;
			sourceTree = "<group>";
		};

/* End PBXGroup section */

/* Begin PBXNativeTarget section */
		000000000000000000000048 /* QuotaBar */ = {
			isa = PBXNativeTarget;
			buildConfigurationList = 000000000000000000000051 /* Build configuration list for PBXNativeTarget "QuotaBar" */;
			buildPhases = (
				000000000000000000000049 /* Sources */,
				00000000000000000000004B /* Frameworks */,
				00000000000000000000004A /* Resources */,
			);
			buildRules = (
			);
			dependencies = (
			);
			name = QuotaBar;
			productName = QuotaBar;
			productReference = 00000000000000000000004E /* QuotaBar.app */;
			productType = "com.apple.product-type.application";
		};
/* End PBXNativeTarget section */

/* Begin PBXProject section */
		00000000000000000000004F /* Project object */ = {
			isa = PBXProject;
			attributes = {
				BuildIndependentTargetsInParallel = 1;
				LastSwiftUpdateCheck = 1540;
				LastUpgradeCheck = 1540;
				TargetAttributes = {
					000000000000000000000048 = {
						CreatedOnToolsVersion = 15.4;
					};
				};
			};
			buildConfigurationList = 000000000000000000000050 /* Build configuration list for PBXProject "QuotaBar" */;
			compatibilityVersion = "Xcode 14.0";
			developmentRegion = en;
			hasScannedForEncodings = 0;
			knownRegions = (
				en,
				Base,
			);
			mainGroup = 00000000000000000000003F;
			productRefGroup = 000000000000000000000047 /* Products */;
			projectDirPath = "";
			projectRoot = "";
			targets = (
				000000000000000000000048 /* QuotaBar */,
			);
		};
/* End PBXProject section */

/* Begin PBXResourcesBuildPhase section */
		00000000000000000000004A /* Resources */ = {
			isa = PBXResourcesBuildPhase;
			buildActionMask = 2147483647;
			files = (
				000000000000000000000036 /* Assets.xcassets in Resources */,
				000000000000000000000038 /* cursor.json in Resources */,
				00000000000000000000003A /* chatgpt.json in Resources */,
				00000000000000000000003C /* glm.json in Resources */,
			);
			runOnlyForDeploymentPostprocessing = 0;
		};
/* End PBXResourcesBuildPhase section */

/* Begin PBXSourcesBuildPhase section */
		000000000000000000000049 /* Sources */ = {
			isa = PBXSourcesBuildPhase;
			buildActionMask = 2147483647;
			files = (
				000000000000000000000002 /* QuotaBarApp.swift in Sources */,
				000000000000000000000004 /* AppDelegate.swift in Sources */,
				000000000000000000000006 /* ProviderKind.swift in Sources */,
				000000000000000000000008 /* UsageModels.swift in Sources */,
				00000000000000000000000A /* AppSettings.swift in Sources */,
				00000000000000000000000C /* QuotaError.swift in Sources */,
				00000000000000000000000E /* TimeFormatting.swift in Sources */,
				000000000000000000000010 /* JSONSupport.swift in Sources */,
				000000000000000000000012 /* HTTPClient.swift in Sources */,
				000000000000000000000014 /* KeychainStore.swift in Sources */,
				000000000000000000000016 /* ConfigStore.swift in Sources */,
				000000000000000000000018 /* LaunchAtLogin.swift in Sources */,
				00000000000000000000001A /* AppStore.swift in Sources */,
				00000000000000000000001C /* CursorAuth.swift in Sources */,
				00000000000000000000001E /* CursorClient.swift in Sources */,
				000000000000000000000020 /* ChatGPTClient.swift in Sources */,
				000000000000000000000022 /* GLMClient.swift in Sources */,
				000000000000000000000024 /* FixtureLoader.swift in Sources */,
				000000000000000000000026 /* Theme.swift in Sources */,
				000000000000000000000028 /* UsageMeterRow.swift in Sources */,
				00000000000000000000002A /* ProviderSwitcher.swift in Sources */,
				00000000000000000000002C /* EmptyStateView.swift in Sources */,
				00000000000000000000002E /* PopoverView.swift in Sources */,
				000000000000000000000030 /* SettingsView.swift in Sources */,
				000000000000000000000032 /* SettingsWindowController.swift in Sources */,
				000000000000000000000071 /* ChatGPTLoginWindowController.swift in Sources */,
				000000000000000000000034 /* StatusItemRenderer.swift in Sources */,
			);
			runOnlyForDeploymentPostprocessing = 0;
		};
/* End PBXSourcesBuildPhase section */

/* Begin XCBuildConfiguration section */
		000000000000000000000052 /* Debug */ = {
			isa = XCBuildConfiguration;
			buildSettings = {
				ALWAYS_SEARCH_USER_PATHS = NO;
				CLANG_ENABLE_MODULES = YES;
				CLANG_ENABLE_OBJC_ARC = YES;
				COPY_PHASE_STRIP = NO;
				DEBUG_INFORMATION_FORMAT = dwarf;
				ENABLE_TESTABILITY = YES;
				GCC_DYNAMIC_NO_PIC = NO;
				GCC_OPTIMIZATION_LEVEL = 0;
				MACOSX_DEPLOYMENT_TARGET = 14.0;
				ONLY_ACTIVE_ARCH = YES;
				SDKROOT = macosx;
				SWIFT_ACTIVE_COMPILATION_CONDITIONS = DEBUG;
				SWIFT_OPTIMIZATION_LEVEL = "-Onone";
				SWIFT_VERSION = 5.0;
			};
			name = Debug;
		};
		000000000000000000000053 /* Release */ = {
			isa = XCBuildConfiguration;
			buildSettings = {
				ALWAYS_SEARCH_USER_PATHS = NO;
				CLANG_ENABLE_MODULES = YES;
				CLANG_ENABLE_OBJC_ARC = YES;
				COPY_PHASE_STRIP = NO;
				DEBUG_INFORMATION_FORMAT = "dwarf-with-dsym";
				MACOSX_DEPLOYMENT_TARGET = 14.0;
				SDKROOT = macosx;
				SWIFT_COMPILATION_MODE = wholemodule;
				SWIFT_OPTIMIZATION_LEVEL = "-O";
				SWIFT_VERSION = 5.0;
			};
			name = Release;
		};
		000000000000000000000054 /* Debug */ = {
			isa = XCBuildConfiguration;
			buildSettings = {
				ASSETCATALOG_COMPILER_APPICON_NAME = AppIcon;
				CODE_SIGN_ENTITLEMENTS = QuotaBar/QuotaBar.entitlements;
				CODE_SIGN_IDENTITY = "-";
				CODE_SIGN_STYLE = Manual;
				COMBINE_HIDPI_IMAGES = YES;
				CURRENT_PROJECT_VERSION = 0.0.2;
				ENABLE_APP_SANDBOX = NO;
				ENABLE_HARDENED_RUNTIME = NO;
				GENERATE_INFOPLIST_FILE = NO;
				INFOPLIST_FILE = QuotaBar/Info.plist;
				LD_RUNPATH_SEARCH_PATHS = (
					"$(inherited)",
					"@executable_path/../Frameworks",
				);
				MACOSX_DEPLOYMENT_TARGET = 14.0;
				MARKETING_VERSION = 0.0.2;
				PRODUCT_BUNDLE_IDENTIFIER = app.quotabar.QuotaBar;
				PRODUCT_NAME = "$(TARGET_NAME)";
				SDKROOT = macosx;
				SWIFT_EMIT_LOC_STRINGS = YES;
				SWIFT_VERSION = 5.0;
			};
			name = Debug;
		};
		000000000000000000000055 /* Release */ = {
			isa = XCBuildConfiguration;
			buildSettings = {
				ASSETCATALOG_COMPILER_APPICON_NAME = AppIcon;
				CODE_SIGN_ENTITLEMENTS = QuotaBar/QuotaBar.entitlements;
				CODE_SIGN_IDENTITY = "-";
				CODE_SIGN_STYLE = Manual;
				COMBINE_HIDPI_IMAGES = YES;
				CURRENT_PROJECT_VERSION = 0.0.2;
				ENABLE_APP_SANDBOX = NO;
				ENABLE_HARDENED_RUNTIME = NO;
				GENERATE_INFOPLIST_FILE = NO;
				INFOPLIST_FILE = QuotaBar/Info.plist;
				LD_RUNPATH_SEARCH_PATHS = (
					"$(inherited)",
					"@executable_path/../Frameworks",
				);
				MACOSX_DEPLOYMENT_TARGET = 14.0;
				MARKETING_VERSION = 0.0.2;
				PRODUCT_BUNDLE_IDENTIFIER = app.quotabar.QuotaBar;
				PRODUCT_NAME = "$(TARGET_NAME)";
				SDKROOT = macosx;
				SWIFT_EMIT_LOC_STRINGS = YES;
				SWIFT_VERSION = 5.0;
			};
			name = Release;
		};
/* End XCBuildConfiguration section */

/* Begin XCConfigurationList section */
		000000000000000000000050 /* Build configuration list for PBXProject "QuotaBar" */ = {
			isa = XCConfigurationList;
			buildConfigurations = (
				000000000000000000000052 /* Debug */,
				000000000000000000000053 /* Release */,
			);
			defaultConfigurationIsVisible = 0;
			defaultConfigurationName = Release;
		};
		000000000000000000000051 /* Build configuration list for PBXNativeTarget "QuotaBar" */ = {
			isa = XCConfigurationList;
			buildConfigurations = (
				000000000000000000000054 /* Debug */,
				000000000000000000000055 /* Release */,
			);
			defaultConfigurationIsVisible = 0;
			defaultConfigurationName = Release;
		};
/* End XCConfigurationList section */
	};
	rootObject = 00000000000000000000004F /* Project object */;
}
